
Microsoft Visual Studio Solution File, Format Version 12.00
# Visual Studio Version 17
VisualStudioVersion = 17.7.34031.279
MinimumVisualStudioVersion = 10.0.40219.1
Project("{9A19103F-16F7-4668-BE54-9A1E7A4F7556}") = "FormsApp", "FormsApp\FormsApp.csproj", "{E1C8120B-7EA7-471B-AA52-B82B5A9015E7}"
EndProject
Global
	GlobalSection(SolutionConfigurationPlatforms) = preSolution
		Debug|Any CPU = Debug|Any CPU
		Release|Any CPU = Release|Any CPU
	EndGlobalSection
	GlobalSection(ProjectConfigurationPlatforms) = postSolution
		{E1C8120B-7EA7-471B-AA52-B82B5A9015E7}.Debug|Any CPU.ActiveCfg = Debug|Any CPU
		{E1C8120B-7EA7-471B-AA52-B82B5A9015E7}.Debug|Any CPU.Build.0 = Debug|Any CPU
		{E1C8120B-7EA7-471B-AA52-B82B5A9015E7}.Release|Any CPU.ActiveCfg = Release|Any CPU
		{E1C8120B-7EA7-471B-AA52-B82B5A9015E7}.Release|Any CPU.Build.0 = Release|Any CPU
	EndGlobalSection
	GlobalSection(SolutionProperties) = preSolution
		HideSolutionNode = FALSE
	EndGlobalSection
	GlobalSection(ExtensibilityGlobals) = postSolution
		SolutionGuid = {ED9C21A9-C850-43D6-976A-14E47E6A8F85}
	EndGlobalSection
EndGlobal
